
Microsoft Visual Studio Solution File, Format Version 12.00
# Visual Studio 15
VisualStudioVersion = 15.0.28307.852
MinimumVisualStudioVersion = 10.0.40219.1
Project("{FAE04EC0-301F-11D3-BF4B-00C04F79EFBC}") = "FlowerApp.Android", "FlowerApp\FlowerApp.Android\FlowerApp.Android.csproj", "{E73B0D30-4924-42EA-B57A-30B0A57226C7}"
EndProject
Project("{FAE04EC0-301F-11D3-BF4B-00C04F79EFBC}") = "FlowerApp.iOS", "FlowerApp\FlowerApp.iOS\FlowerApp.iOS.csproj", "{352E0916-47AF-41C6-97F9-71B54D88234C}"
EndProject
Project("{FAE04EC0-301F-11D3-BF4B-00C04F79EFBC}") = "FlowerApp", "FlowerApp\FlowerApp\FlowerApp.csproj", "{B81DBB4E-8660-4354-9803-33F8FC3F5E15}"
EndProject
Global
	GlobalSection(SolutionConfigurationPlatforms) = preSolution
		Ad-Hoc|Any CPU = Ad-Hoc|Any CPU
		Ad-Hoc|iPhone = Ad-Hoc|iPhone
		Ad-Hoc|iPhoneSimulator = Ad-Hoc|iPhoneSimulator
		AppStore|Any CPU = AppStore|Any CPU
		AppStore|iPhone = AppStore|iPhone
		AppStore|iPhoneSimulator = AppStore|iPhoneSimulator
		Debug|Any CPU = Debug|Any CPU
		Debug|iPhone = Debug|iPhone
		Debug|iPhoneSimulator = Debug|iPhoneSimulator
		Release|Any CPU = Release|Any CPU
		Release|iPhone = Release|iPhone
		Release|iPhoneSimulator = Release|iPhoneSimulator
	EndGlobalSection
	GlobalSection(ProjectConfigurationPlatforms) = postSolution
		{E73B0D30-4924-42EA-B57A-30B0A57226C7}.Ad-Hoc|Any CPU.ActiveCfg = Release|Any CPU
		{E73B0D30-4924-42EA-B57A-30B0A57226C7}.Ad-Hoc|Any CPU.Build.0 = Release|Any CPU
		{E73B0D30-4924-42EA-B57A-30B0A57226C7}.Ad-Hoc|Any CPU.Deploy.0 = Release|Any CPU
		{E73B0D30-4924-42EA-B57A-30B0A57226C7}.Ad-Hoc|iPhone.ActiveCfg = Release|Any CPU
		{E73B0D30-4924-42EA-B57A-30B0A57226C7}.Ad-Hoc|iPhone.Build.0 = Release|Any CPU
		{E73B0D30-4924-42EA-B57A-30B0A57226C7}.Ad-Hoc|iPhone.Deploy.0 = Release|Any CPU
		{E73B0D30-4924-42EA-B57A-30B0A57226C7}.Ad-Hoc|iPhoneSimulator.ActiveCfg = Release|Any CPU
		{E73B0D30-4924-42EA-B57A-30B0A57226C7}.Ad-Hoc|iPhoneSimulator.Build.0 = Release|Any CPU
		{E73B0D30-4924-42EA-B57A-30B0A57226C7}.Ad-Hoc|iPhoneSimulator.Deploy.0 = Release|Any CPU
		{E73B0D30-4924-42EA-B57A-30B0A57226C7}.AppStore|Any CPU.ActiveCfg = Release|Any CPU
		{E73B0D30-4924-42EA-B57A-30B0A57226C7}.AppStore|Any CPU.Build.0 = Release|Any CPU
		{E73B0D30-4924-42EA-B57A-30B0A57226C7}.AppStore|Any CPU.Deploy.0 = Release|Any CPU
		{E73B0D30-4924-42EA-B57A-30B0A57226C7}.AppStore|iPhone.ActiveCfg = Release|Any CPU
		{E73B0D30-4924-42EA-B57A-30B0A57226C7}.AppStore|iPhone.Build.0 = Release|Any CPU
		{E73B0D30-4924-42EA-B57A-30B0A57226C7}.AppStore|iPhone.Deploy.0 = Release|Any CPU
		{E73B0D30-4924-42EA-B57A-30B0A57226C7}.AppStore|iPhoneSimulator.ActiveCfg = Release|Any CPU
		{E73B0D30-4924-42EA-B57A-30B0A57226C7}.AppStore|iPhoneSimulator.Build.0 = Release|Any CPU
		{E73B0D30-4924-42EA-B57A-30B0A57226C7}.AppStore|iPhoneSimulator.Deploy.0 = Release|Any CPU
		{E73B0D30-4924-42EA-B57A-30B0A57226C7}.Debug|Any CPU.ActiveCfg = Debug|Any CPU
		{E73B0D30-4924-42EA-B57A-30B0A57226C7}.Debug|Any CPU.Build.0 = Debug|Any CPU
		{E73B0D30-4924-42EA-B57A-30B0A57226C7}.Debug|Any CPU.Deploy.0 = Debug|Any CPU
		{E73B0D30-4924-42EA-B57A-30B0A57226C7}.Debug|iPhone.ActiveCfg = Debug|Any CPU
		{E73B0D30-4924-42EA-B57A-30B0A57226C7}.Debug|iPhone.Build.0 = Debug|Any CPU
		{E73B0D30-4924-42EA-B57A-30B0A57226C7}.Debug|iPhone.Deploy.0 = Debug|Any CPU
		{E73B0D30-4924-42EA-B57A-30B0A57226C7}.Debug|iPhoneSimulator.ActiveCfg = Debug|Any CPU
		{E73B0D30-4924-42EA-B57A-30B0A57226C7}.Debug|iPhoneSimulator.Build.0 = Debug|Any CPU
		{E73B0D30-4924-42EA-B57A-30B0A57226C7}.Debug|iPhoneSimulator.Deploy.0 = Debug|Any CPU
		{E73B0D30-4924-42EA-B57A-30B0A57226C7}.Release|Any CPU.ActiveCfg = Release|Any CPU
		{E73B0D30-4924-42EA-B57A-30B0A57226C7}.Release|Any CPU.Build.0 = Release|Any CPU
		{E73B0D30-4924-42EA-B57A-30B0A57226C7}.Release|Any CPU.Deploy.0 = Release|Any CPU
		{E73B0D30-4924-42EA-B57A-30B0A57226C7}.Release|iPhone.ActiveCfg = Release|Any CPU
		{E73B0D30-4924-42EA-B57A-30B0A57226C7}.Release|iPhone.Build.0 = Release|Any CPU
		{E73B0D30-4924-42EA-B57A-30B0A57226C7}.Release|iPhone.Deploy.0 = Release|Any CPU
		{E73B0D30-4924-42EA-B57A-30B0A57226C7}.Release|iPhoneSimulator.ActiveCfg = Release|Any CPU
		{E73B0D30-4924-42EA-B57A-30B0A57226C7}.Release|iPhoneSimulator.Build.0 = Release|Any CPU
		{E73B0D30-4924-42EA-B57A-30B0A57226C7}.Release|iPhoneSimulator.Deploy.0 = Release|Any CPU
		{352E0916-47AF-41C6-97F9-71B54D88234C}.Ad-Hoc|Any CPU.ActiveCfg = Ad-Hoc|iPhone
		{352E0916-47AF-41C6-97F9-71B54D88234C}.Ad-Hoc|Any CPU.Build.0 = Ad-Hoc|iPhone
		{352E0916-47AF-41C6-97F9-71B54D88234C}.Ad-Hoc|Any CPU.Deploy.0 = Ad-Hoc|iPhone
		{352E0916-47AF-41C6-97F9-71B54D88234C}.Ad-Hoc|iPhone.ActiveCfg = Ad-Hoc|iPhone
		{352E0916-47AF-41C6-97F9-71B54D88234C}.Ad-Hoc|iPhone.Build.0 = Ad-Hoc|iPhone
		{352E0916-47AF-41C6-97F9-71B54D88234C}.Ad-Hoc|iPhone.Deploy.0 = Ad-Hoc|iPhone
		{352E0916-47AF-41C6-97F9-71B54D88234C}.Ad-Hoc|iPhoneSimulator.ActiveCfg = Ad-Hoc|iPhoneSimulator
		{352E0916-47AF-41C6-97F9-71B54D88234C}.Ad-Hoc|iPhoneSimulator.Build.0 = Ad-Hoc|iPhoneSimulator
		{352E0916-47AF-41C6-97F9-71B54D88234C}.Ad-Hoc|iPhoneSimulator.Deploy.0 = Ad-Hoc|iPhoneSimulator
		{352E0916-47AF-41C6-97F9-71B54D88234C}.AppStore|Any CPU.ActiveCfg = AppStore|iPhone
		{352E0916-47AF-41C6-97F9-71B54D88234C}.AppStore|Any CPU.Build.0 = AppStore|iPhone
		{352E0916-47AF-41C6-97F9-71B54D88234C}.AppStore|Any CPU.Deploy.0 = AppStore|iPhone
		{352E0916-47AF-41C6-97F9-71B54D88234C}.AppStore|iPhone.ActiveCfg = AppStore|iPhone
		{352E0916-47AF-41C6-97F9-71B54D88234C}.AppStore|iPhone.Build.0 = AppStore|iPhone
		{352E0916-47AF-41C6-97F9-71B54D88234C}.AppStore|iPhone.Deploy.0 = AppStore|iPhone
		{352E0916-47AF-41C6-97F9-71B54D88234C}.AppStore|iPhoneSimulator.ActiveCfg = AppStore|iPhoneSimulator
		{352E0916-47AF-41C6-97F9-71B54D88234C}.AppStore|iPhoneSimulator.Build.0 = AppStore|iPhoneSimulator
		{352E0916-47AF-41C6-97F9-71B54D88234C}.AppStore|iPhoneSimulator.Deploy.0 = AppStore|iPhoneSimulator
		{352E0916-47AF-41C6-97F9-71B54D88234C}.Debug|Any CPU.ActiveCfg = Debug|iPhoneSimulator
		{352E0916-47AF-41C6-97F9-71B54D88234C}.Debug|Any CPU.Build.0 = Debug|iPhoneSimulator
		{352E0916-47AF-41C6-97F9-71B54D88234C}.Debug|Any CPU.Deploy.0 = Debug|iPhoneSimulator
		{352E0916-47AF-41C6-97F9-71B54D88234C}.Debug|iPhone.ActiveCfg = Debug|iPhone
		{352E0916-47AF-41C6-97F9-71B54D88234C}.Debug|iPhone.Build.0 = Debug|iPhone
		{352E0916-47AF-41C6-97F9-71B54D88234C}.Debug|iPhone.Deploy.0 = Debug|iPhone
		{352E0916-47AF-41C6-97F9-71B54D88234C}.Debug|iPhoneSimulator.ActiveCfg = Debug|iPhoneSimulator
		{352E0916-47AF-41C6-97F9-71B54D88234C}.Debug|iPhoneSimulator.Build.0 = Debug|iPhoneSimulator
		{352E0916-47AF-41C6-97F9-71B54D88234C}.Debug|iPhoneSimulator.Deploy.0 = Debug|iPhoneSimulator
		{352E0916-47AF-41C6-97F9-71B54D88234C}.Release|Any CPU.ActiveCfg = Release|iPhone
		{352E0916-47AF-41C6-97F9-71B54D88234C}.Release|Any CPU.Build.0 = Release|iPhone
		{352E0916-47AF-41C6-97F9-71B54D88234C}.Release|Any CPU.Deploy.0 = Release|iPhone
		{352E0916-47AF-41C6-97F9-71B54D88234C}.Release|iPhone.ActiveCfg = Release|iPhone
		{352E0916-47AF-41C6-97F9-71B54D88234C}.Release|iPhone.Build.0 = Release|iPhone
		{352E0916-47AF-41C6-97F9-71B54D88234C}.Release|iPhone.Deploy.0 = Release|iPhone
		{352E0916-47AF-41C6-97F9-71B54D88234C}.Release|iPhoneSimulator.ActiveCfg = Release|iPhoneSimulator
		{352E0916-47AF-41C6-97F9-71B54D88234C}.Release|iPhoneSimulator.Build.0 = Release|iPhoneSimulator
		{352E0916-47AF-41C6-97F9-71B54D88234C}.Release|iPhoneSimulator.Deploy.0 = Release|iPhoneSimulator
		{B81DBB4E-8660-4354-9803-33F8FC3F5E15}.Ad-Hoc|Any CPU.ActiveCfg = Debug|Any CPU
		{B81DBB4E-8660-4354-9803-33F8FC3F5E15}.Ad-Hoc|Any CPU.Build.0 = Debug|Any CPU
		{B81DBB4E-8660-4354-9803-33F8FC3F5E15}.Ad-Hoc|Any CPU.Deploy.0 = Debug|Any CPU
		{B81DBB4E-8660-4354-9803-33F8FC3F5E15}.Ad-Hoc|iPhone.ActiveCfg = Debug|Any CPU
		{B81DBB4E-8660-4354-9803-33F8FC3F5E15}.Ad-Hoc|iPhone.Build.0 = Debug|Any CPU
		{B81DBB4E-8660-4354-9803-33F8FC3F5E15}.Ad-Hoc|iPhone.Deploy.0 = Debug|Any CPU
		{B81DBB4E-8660-4354-9803-33F8FC3F5E15}.Ad-Hoc|iPhoneSimulator.ActiveCfg = Debug|Any CPU
		{B81DBB4E-8660-4354-9803-33F8FC3F5E15}.Ad-Hoc|iPhoneSimulator.Build.0 = Debug|Any CPU
		{B81DBB4E-8660-4354-9803-33F8FC3F5E15}.Ad-Hoc|iPhoneSimulator.Deploy.0 = Debug|Any CPU
		{B81DBB4E-8660-4354-9803-33F8FC3F5E15}.AppStore|Any CPU.ActiveCfg = Debug|Any CPU
		{B81DBB4E-8660-4354-9803-33F8FC3F5E15}.AppStore|Any CPU.Build.0 = Debug|Any CPU
		{B81DBB4E-8660-4354-9803-33F8FC3F5E15}.AppStore|Any CPU.Deploy.0 = Debug|Any CPU
		{B81DBB4E-8660-4354-9803-33F8FC3F5E15}.AppStore|iPhone.ActiveCfg = Debug|Any CPU
		{B81DBB4E-8660-4354-9803-33F8FC3F5E15}.AppStore|iPhone.Build.0 = Debug|Any CPU
		{B81DBB4E-8660-4354-9803-33F8FC3F5E15}.AppStore|iPhone.Deploy.0 = Debug|Any CPU
		{B81DBB4E-8660-4354-9803-33F8FC3F5E15}.AppStore|iPhoneSimulator.ActiveCfg = Debug|Any CPU
		{B81DBB4E-8660-4354-9803-33F8FC3F5E15}.AppStore|iPhoneSimulator.Build.0 = Debug|Any CPU
		{B81DBB4E-8660-4354-9803-33F8FC3F5E15}.AppStore|iPhoneSimulator.Deploy.0 = Debug|Any CPU
		{B81DBB4E-8660-4354-9803-33F8FC3F5E15}.Debug|Any CPU.ActiveCfg = Debug|Any CPU
		{B81DBB4E-8660-4354-9803-33F8FC3F5E15}.Debug|Any CPU.Build.0 = Debug|Any CPU
		{B81DBB4E-8660-4354-9803-33F8FC3F5E15}.Debug|Any CPU.Deploy.0 = Debug|Any CPU
		{B81DBB4E-8660-4354-9803-33F8FC3F5E15}.Debug|iPhone.ActiveCfg = Debug|Any CPU
		{B81DBB4E-8660-4354-9803-33F8FC3F5E15}.Debug|iPhone.Build.0 = Debug|Any CPU
		{B81DBB4E-8660-4354-9803-33F8FC3F5E15}.Debug|iPhone.Deploy.0 = Debug|Any CPU
		{B81DBB4E-8660-4354-9803-33F8FC3F5E15}.Debug|iPhoneSimulator.ActiveCfg = Debug|Any CPU
		{B81DBB4E-8660-4354-9803-33F8FC3F5E15}.Debug|iPhoneSimulator.Build.0 = Debug|Any CPU
		{B81DBB4E-8660-4354-9803-33F8FC3F5E15}.Debug|iPhoneSimulator.Deploy.0 = Debug|Any CPU
		{B81DBB4E-8660-4354-9803-33F8FC3F5E15}.Release|Any CPU.ActiveCfg = Release|Any CPU
		{B81DBB4E-8660-4354-9803-33F8FC3F5E15}.Release|Any CPU.Build.0 = Release|Any CPU
		{B81DBB4E-8660-4354-9803-33F8FC3F5E15}.Release|Any CPU.Deploy.0 = Release|Any CPU
		{B81DBB4E-8660-4354-9803-33F8FC3F5E15}.Release|iPhone.ActiveCfg = Release|Any CPU
		{B81DBB4E-8660-4354-9803-33F8FC3F5E15}.Release|iPhone.Build.0 = Release|Any CPU
		{B81DBB4E-8660-4354-9803-33F8FC3F5E15}.Release|iPhone.Deploy.0 = Release|Any CPU
		{B81DBB4E-8660-4354-9803-33F8FC3F5E15}.Release|iPhoneSimulator.ActiveCfg = Release|Any CPU
		{B81DBB4E-8660-4354-9803-33F8FC3F5E15}.Release|iPhoneSimulator.Build.0 = Release|Any CPU
		{B81DBB4E-8660-4354-9803-33F8FC3F5E15}.Release|iPhoneSimulator.Deploy.0 = Release|Any CPU
	EndGlobalSection
	GlobalSection(SolutionProperties) = preSolution
		HideSolutionNode = FALSE
	EndGlobalSection
	GlobalSection(ExtensibilityGlobals) = postSolution
		SolutionGuid = {E73E7A7F-70C9-41D3-836E-D37A73C08502}
	EndGlobalSection
EndGlobal
